
Microsoft Visual Studio Solution File, Format Version 12.00
# Visual Studio Version 16
VisualStudioVersion = 16.0.30011.22
MinimumVisualStudioVersion = 10.0.40219.1
Project("{FAE04EC0-301F-11D3-BF4B-00C04F79EFBC}") = "xadrez-console", "xadrez-console\xadrez-console.csproj", "{FE615714-082D-4A18-9A4E-29D3E6E6E899}"
EndProject
Global
	GlobalSection(SolutionConfigurationPlatforms) = preSolution
		Debug|Any CPU = Debug|Any CPU
		Release|Any CPU = Release|Any CPU
	EndGlobalSection
	GlobalSection(ProjectConfigurationPlatforms) = postSolution
		{FE615714-082D-4A18-9A4E-29D3E6E6E899}.Debug|Any CPU.ActiveCfg = Debug|Any CPU
		{FE615714-082D-4A18-9A4E-29D3E6E6E899}.Debug|Any CPU.Build.0 = Debug|Any CPU
		{FE615714-082D-4A18-9A4E-29D3E6E6E899}.Release|Any CPU.ActiveCfg = Release|Any CPU
		{FE615714-082D-4A18-9A4E-29D3E6E6E899}.Release|Any CPU.Build.0 = Release|Any CPU
	EndGlobalSection
	GlobalSection(SolutionProperties) = preSolution
		HideSolutionNode = FALSE
	EndGlobalSection
	GlobalSection(ExtensibilityGlobals) = postSolution
		SolutionGuid = {C86BC1DE-F727-4519-96E5-DCF06BF21D1D}
	EndGlobalSection
EndGlobal
